
Microsoft Visual Studio Solution File, Format Version 12.00
# Visual Studio Version 16
VisualStudioVersion = 16.0.30330.147
MinimumVisualStudioVersion = 10.0.40219.1
Project("{FAE04EC0-301F-11D3-BF4B-00C04F79EFBC}") = "JenkinsNew", "JenkinsNew\JenkinsNew.csproj", "{8AD440F7-5B2C-41D8-9828-91A808466F9E}"
EndProject
Global
	GlobalSection(SolutionConfigurationPlatforms) = preSolution
		Debug|Any CPU = Debug|Any CPU
		Release|Any CPU = Release|Any CPU
	EndGlobalSection
	GlobalSection(ProjectConfigurationPlatforms) = postSolution
		{8AD440F7-5B2C-41D8-9828-91A808466F9E}.Debug|Any CPU.ActiveCfg = Debug|Any CPU
		{8AD440F7-5B2C-41D8-9828-91A808466F9E}.Debug|Any CPU.Build.0 = Debug|Any CPU
		{8AD440F7-5B2C-41D8-9828-91A808466F9E}.Release|Any CPU.ActiveCfg = Release|Any CPU
		{8AD440F7-5B2C-41D8-9828-91A808466F9E}.Release|Any CPU.Build.0 = Release|Any CPU
	EndGlobalSection
	GlobalSection(SolutionProperties) = preSolution
		HideSolutionNode = FALSE
	EndGlobalSection
	GlobalSection(ExtensibilityGlobals) = postSolution
		SolutionGuid = {29D11A62-6C63-4ECF-AD53-CAAC50D49FF0}
	EndGlobalSection
EndGlobal
